Microsoft Visual Studio Solution File, Format Version 12.00
# Visual Studio Version 17
VisualStudioVersion = 17.5.2.0
MinimumVisualStudioVersion = 10.0.40219.1
Project("{FAE04EC0-301F-11D3-BF4B-00C04F79EFBC}") = "BGIguard", "BGIguard.csproj", "{8C8B1954-7B6E-3EE2-9DE6-D3187FFE8DCC}"
EndProject
Global
	GlobalSection(SolutionConfigurationPlatforms) = preSolution
		Debug|Any CPU = Debug|Any CPU
		Release|Any CPU = Release|Any CPU
	EndGlobalSection
	GlobalSection(ProjectConfigurationPlatforms) = postSolution
		{8C8B1954-7B6E-3EE2-9DE6-D3187FFE8DCC}.Debug|Any CPU.ActiveCfg = Debug|Any CPU
		{8C8B1954-7B6E-3EE2-9DE6-D3187FFE8DCC}.Debug|Any CPU.Build.0 = Debug|Any CPU
		{8C8B1954-7B6E-3EE2-9DE6-D3187FFE8DCC}.Release|Any CPU.ActiveCfg = Release|Any CPU
		{8C8B1954-7B6E-3EE2-9DE6-D3187FFE8DCC}.Release|Any CPU.Build.0 = Release|Any CPU
	EndGlobalSection
	GlobalSection(SolutionProperties) = preSolution
		HideSolutionNode = FALSE
	EndGlobalSection
	GlobalSection(ExtensibilityGlobals) = postSolution
		SolutionGuid = {63308F6D-C877-4DD7-B569-FFAC0CB471B0}
	EndGlobalSection
EndGlobal
